
Microsoft Visual Studio Solution File, Format Version 12.00
# Visual Studio Version 16
VisualStudioVersion = 16.0.29905.134
MinimumVisualStudioVersion = 10.0.40219.1
Project("{9A19103F-16F7-4668-BE54-9A1E7A4F7556}") = "Domain", "Domain\Domain.csproj", "{ACB09F92-C427-4819-AF9D-754798E51054}"
EndProject
Project("{9A19103F-16F7-4668-BE54-9A1E7A4F7556}") = "DomainTest", "DomainTest\DomainTest.csproj", "{0E6706B4-D8F1-4324-B84F-BA4F8BFDE890}"
EndProject
Project("{2150E333-8FDC-42A3-9474-1A3956D46DE8}") = "Decorator", "Decorator", "{0B60B71B-52DE-406A-86A5-92FB917A4C5D}"
EndProject
Project("{2150E333-8FDC-42A3-9474-1A3956D46DE8}") = "Adapter", "Adapter", "{50D68CBD-A3FE-48E6-B75A-6E0A9880B4E0}"
EndProject
Project("{9A19103F-16F7-4668-BE54-9A1E7A4F7556}") = "DomainAdapter", "DomainAdapter\DomainAdapter.csproj", "{16D5E36F-8311-4F75-994D-984A0C1C02DC}"
EndProject
Project("{2150E333-8FDC-42A3-9474-1A3956D46DE8}") = "Prototype", "Prototype", "{4469801B-5A79-43C2-A63F-E1EB52394B51}"
EndProject
Project("{9A19103F-16F7-4668-BE54-9A1E7A4F7556}") = "DomainPrototype", "DomainPrototype0\DomainPrototype.csproj", "{555D01CD-A1E8-4308-9D5C-8ABF02F2091E}"
EndProject
Project("{2150E333-8FDC-42A3-9474-1A3956D46DE8}") = "Composite", "Composite", "{DA5D8162-2632-4BE8-BD3C-442D2A37FEF1}"
EndProject
Project("{9A19103F-16F7-4668-BE54-9A1E7A4F7556}") = "DomainComposite", "DomainComposite\DomainComposite.csproj", "{2CFBB5B0-9ED7-4C8D-AC6D-E19BCEAB5992}"
EndProject
Project("{2150E333-8FDC-42A3-9474-1A3956D46DE8}") = "Facade", "Facade", "{03E4FECD-139C-4F1D-A739-BAC1153DDE3C}"
EndProject
Project("{9A19103F-16F7-4668-BE54-9A1E7A4F7556}") = "DomainFacade", "DomainFacade\DomainFacade.csproj", "{9BFFB48D-A242-42B3-8AB9-29DA802AC3B7}"
EndProject
Project("{2150E333-8FDC-42A3-9474-1A3956D46DE8}") = "Bridge", "Bridge", "{467D53EA-D503-4C3E-AC9E-ECC827A8D3B2}"
EndProject
Project("{9A19103F-16F7-4668-BE54-9A1E7A4F7556}") = "DomainBridge", "DomainBridge\DomainBridge.csproj", "{995A876F-09C7-4D81-88DC-E3F0217F9119}"
EndProject
Project("{2150E333-8FDC-42A3-9474-1A3956D46DE8}") = "Builder", "Builder", "{03C2F59F-6E93-4EAF-9BEA-E2126E0B67BB}"
EndProject
Project("{9A19103F-16F7-4668-BE54-9A1E7A4F7556}") = "DomainBuilder", "DomainBuilder\DomainBuilder.csproj", "{14FB4762-C8B8-4FB8-9386-CCF6582E36D1}"
EndProject
Project("{FAE04EC0-301F-11D3-BF4B-00C04F79EFBC}") = "DomainAdapterTest", "DomainAdapterTest\DomainAdapterTest.csproj", "{A607CDA8-8967-4648-ACA1-95FEC68CD712}"
EndProject
Project("{2150E333-8FDC-42A3-9474-1A3956D46DE8}") = "Singleton", "Singleton", "{05FDB897-74DE-40B2-B448-2B6CDF487AB1}"
EndProject
Project("{FAE04EC0-301F-11D3-BF4B-00C04F79EFBC}") = "DomainSingleton", "DomainSingleton\DomainSingleton.csproj", "{56CA527F-7FAA-4A7F-B3DD-C17F26608EA2}"
EndProject
Project("{2150E333-8FDC-42A3-9474-1A3956D46DE8}") = "Factory", "Factory", "{6A3AF353-1EC1-4B57-8573-E2A1BB5FEAFF}"
EndProject
Project("{FAE04EC0-301F-11D3-BF4B-00C04F79EFBC}") = "DomainFactory", "DomainFactory\DomainFactory.csproj", "{E84FB1DE-1B3E-4303-B3E3-D75941179C90}"
EndProject
Project("{2150E333-8FDC-42A3-9474-1A3956D46DE8}") = "AbstractFactory", "AbstractFactory", "{B77C20E5-8828-46B7-9F21-EEA5F36181CF}"
EndProject
Project("{FAE04EC0-301F-11D3-BF4B-00C04F79EFBC}") = "DomainAbstractFactory", "DomainAbstractFactory\DomainAbstractFactory.csproj", "{3302FDCD-0E88-435A-B22A-D59A0AE1869E}"
EndProject
Global
	GlobalSection(SolutionConfigurationPlatforms) = preSolution
		Debug|Any CPU = Debug|Any CPU
		Release|Any CPU = Release|Any CPU
	EndGlobalSection
	GlobalSection(ProjectConfigurationPlatforms) = postSolution
		{ACB09F92-C427-4819-AF9D-754798E51054}.Debug|Any CPU.ActiveCfg = Debug|Any CPU
		{ACB09F92-C427-4819-AF9D-754798E51054}.Debug|Any CPU.Build.0 = Debug|Any CPU
		{ACB09F92-C427-4819-AF9D-754798E51054}.Release|Any CPU.ActiveCfg = Release|Any CPU
		{ACB09F92-C427-4819-AF9D-754798E51054}.Release|Any CPU.Build.0 = Release|Any CPU
		{0E6706B4-D8F1-4324-B84F-BA4F8BFDE890}.Debug|Any CPU.ActiveCfg = Debug|Any CPU
		{0E6706B4-D8F1-4324-B84F-BA4F8BFDE890}.Debug|Any CPU.Build.0 = Debug|Any CPU
		{0E6706B4-D8F1-4324-B84F-BA4F8BFDE890}.Release|Any CPU.ActiveCfg = Release|Any CPU
		{0E6706B4-D8F1-4324-B84F-BA4F8BFDE890}.Release|Any CPU.Build.0 = Release|Any CPU
		{16D5E36F-8311-4F75-994D-984A0C1C02DC}.Debug|Any CPU.ActiveCfg = Debug|Any CPU
		{16D5E36F-8311-4F75-994D-984A0C1C02DC}.Debug|Any CPU.Build.0 = Debug|Any CPU
		{16D5E36F-8311-4F75-994D-984A0C1C02DC}.Release|Any CPU.ActiveCfg = Release|Any CPU
		{16D5E36F-8311-4F75-994D-984A0C1C02DC}.Release|Any CPU.Build.0 = Release|Any CPU
		{555D01CD-A1E8-4308-9D5C-8ABF02F2091E}.Debug|Any CPU.ActiveCfg = Debug|Any CPU
		{555D01CD-A1E8-4308-9D5C-8ABF02F2091E}.Debug|Any CPU.Build.0 = Debug|Any CPU
		{555D01CD-A1E8-4308-9D5C-8ABF02F2091E}.Release|Any CPU.ActiveCfg = Release|Any CPU
		{555D01CD-A1E8-4308-9D5C-8ABF02F2091E}.Release|Any CPU.Build.0 = Release|Any CPU
		{2CFBB5B0-9ED7-4C8D-AC6D-E19BCEAB5992}.Debug|Any CPU.ActiveCfg = Debug|Any CPU
		{2CFBB5B0-9ED7-4C8D-AC6D-E19BCEAB5992}.Debug|Any CPU.Build.0 = Debug|Any CPU
		{2CFBB5B0-9ED7-4C8D-AC6D-E19BCEAB5992}.Release|Any CPU.ActiveCfg = Release|Any CPU
		{2CFBB5B0-9ED7-4C8D-AC6D-E19BCEAB5992}.Release|Any CPU.Build.0 = Release|Any CPU
		{9BFFB48D-A242-42B3-8AB9-29DA802AC3B7}.Debug|Any CPU.ActiveCfg = Debug|Any CPU
		{9BFFB48D-A242-42B3-8AB9-29DA802AC3B7}.Debug|Any CPU.Build.0 = Debug|Any CPU
		{9BFFB48D-A242-42B3-8AB9-29DA802AC3B7}.Release|Any CPU.ActiveCfg = Release|Any CPU
		{9BFFB48D-A242-42B3-8AB9-29DA802AC3B7}.Release|Any CPU.Build.0 = Release|Any CPU
		{995A876F-09C7-4D81-88DC-E3F0217F9119}.Debug|Any CPU.ActiveCfg = Debug|Any CPU
		{995A876F-09C7-4D81-88DC-E3F0217F9119}.Debug|Any CPU.Build.0 = Debug|Any CPU
		{995A876F-09C7-4D81-88DC-E3F0217F9119}.Release|Any CPU.ActiveCfg = Release|Any CPU
		{995A876F-09C7-4D81-88DC-E3F0217F9119}.Release|Any CPU.Build.0 = Release|Any CPU
		{14FB4762-C8B8-4FB8-9386-CCF6582E36D1}.Debug|Any CPU.ActiveCfg = Debug|Any CPU
		{14FB4762-C8B8-4FB8-9386-CCF6582E36D1}.Debug|Any CPU.Build.0 = Debug|Any CPU
		{14FB4762-C8B8-4FB8-9386-CCF6582E36D1}.Release|Any CPU.ActiveCfg = Release|Any CPU
		{14FB4762-C8B8-4FB8-9386-CCF6582E36D1}.Release|Any CPU.Build.0 = Release|Any CPU
		{A607CDA8-8967-4648-ACA1-95FEC68CD712}.Debug|Any CPU.ActiveCfg = Debug|Any CPU
		{A607CDA8-8967-4648-ACA1-95FEC68CD712}.Debug|Any CPU.Build.0 = Debug|Any CPU
		{A607CDA8-8967-4648-ACA1-95FEC68CD712}.Release|Any CPU.ActiveCfg = Release|Any CPU
		{A607CDA8-8967-4648-ACA1-95FEC68CD712}.Release|Any CPU.Build.0 = Release|Any CPU
		{56CA527F-7FAA-4A7F-B3DD-C17F26608EA2}.Debug|Any CPU.ActiveCfg = Debug|Any CPU
		{56CA527F-7FAA-4A7F-B3DD-C17F26608EA2}.Debug|Any CPU.Build.0 = Debug|Any CPU
		{56CA527F-7FAA-4A7F-B3DD-C17F26608EA2}.Release|Any CPU.ActiveCfg = Release|Any CPU
		{56CA527F-7FAA-4A7F-B3DD-C17F26608EA2}.Release|Any CPU.Build.0 = Release|Any CPU
		{E84FB1DE-1B3E-4303-B3E3-D75941179C90}.Debug|Any CPU.ActiveCfg = Debug|Any CPU
		{E84FB1DE-1B3E-4303-B3E3-D75941179C90}.Debug|Any CPU.Build.0 = Debug|Any CPU
		{E84FB1DE-1B3E-4303-B3E3-D75941179C90}.Release|Any CPU.ActiveCfg = Release|Any CPU
		{E84FB1DE-1B3E-4303-B3E3-D75941179C90}.Release|Any CPU.Build.0 = Release|Any CPU
		{3302FDCD-0E88-435A-B22A-D59A0AE1869E}.Debug|Any CPU.ActiveCfg = Debug|Any CPU
		{3302FDCD-0E88-435A-B22A-D59A0AE1869E}.Debug|Any CPU.Build.0 = Debug|Any CPU
		{3302FDCD-0E88-435A-B22A-D59A0AE1869E}.Release|Any CPU.ActiveCfg = Release|Any CPU
		{3302FDCD-0E88-435A-B22A-D59A0AE1869E}.Release|Any CPU.Build.0 = Release|Any CPU
	EndGlobalSection
	GlobalSection(SolutionProperties) = preSolution
		HideSolutionNode = FALSE
	EndGlobalSection
	GlobalSection(NestedProjects) = preSolution
		{ACB09F92-C427-4819-AF9D-754798E51054} = {0B60B71B-52DE-406A-86A5-92FB917A4C5D}
		{0E6706B4-D8F1-4324-B84F-BA4F8BFDE890} = {0B60B71B-52DE-406A-86A5-92FB917A4C5D}
		{16D5E36F-8311-4F75-994D-984A0C1C02DC} = {50D68CBD-A3FE-48E6-B75A-6E0A9880B4E0}
		{555D01CD-A1E8-4308-9D5C-8ABF02F2091E} = {4469801B-5A79-43C2-A63F-E1EB52394B51}
		{2CFBB5B0-9ED7-4C8D-AC6D-E19BCEAB5992} = {DA5D8162-2632-4BE8-BD3C-442D2A37FEF1}
		{9BFFB48D-A242-42B3-8AB9-29DA802AC3B7} = {03E4FECD-139C-4F1D-A739-BAC1153DDE3C}
		{995A876F-09C7-4D81-88DC-E3F0217F9119} = {467D53EA-D503-4C3E-AC9E-ECC827A8D3B2}
		{14FB4762-C8B8-4FB8-9386-CCF6582E36D1} = {03C2F59F-6E93-4EAF-9BEA-E2126E0B67BB}
		{A607CDA8-8967-4648-ACA1-95FEC68CD712} = {50D68CBD-A3FE-48E6-B75A-6E0A9880B4E0}
		{56CA527F-7FAA-4A7F-B3DD-C17F26608EA2} = {05FDB897-74DE-40B2-B448-2B6CDF487AB1}
		{E84FB1DE-1B3E-4303-B3E3-D75941179C90} = {6A3AF353-1EC1-4B57-8573-E2A1BB5FEAFF}
		{3302FDCD-0E88-435A-B22A-D59A0AE1869E} = {B77C20E5-8828-46B7-9F21-EEA5F36181CF}
	EndGlobalSection
	GlobalSection(ExtensibilityGlobals) = postSolution
		SolutionGuid = {9A226534-1C5D-4E22-8425-81FC84BC39F9}
	EndGlobalSection
EndGlobal
